
Microsoft Visual Studio Solution File, Format Version 12.00
# Visual Studio Version 17
VisualStudioVersion = 17.0.31912.275
MinimumVisualStudioVersion = 10.0.40219.1
Project("{2150E333-8FDC-42A3-9474-1A3956D46DE8}") = "Solution Items", "Solution Items", "{2EFAFC11-6D54-4898-8F29-D7197B27D42F}"
	ProjectSection(SolutionItems) = preProject
		.editorconfig = .editorconfig
		.gitignore = .gitignore
		Directory.Build.props = Directory.Build.props
		Directory.Build.targets = Directory.Build.targets
		LICENSE = LICENSE
		publish_artifacts.ps1 = publish_artifacts.ps1
	EndProjectSection
EndProject
Project("{2150E333-8FDC-42A3-9474-1A3956D46DE8}") = "src", "src", "{A4D10BAE-A4D8-4605-9A7A-2BF01172B01F}"
	ProjectSection(SolutionItems) = preProject
		src\Directory.Build.props = src\Directory.Build.props
		src\Directory.Build.targets = src\Directory.Build.targets
		src\ffmpegsharp.snk = src\ffmpegsharp.snk
	EndProjectSection
EndProject
Project("{9A19103F-16F7-4668-BE54-9A1E7A4F7556}") = "FFmpegSharp.CommandLine", "src\FFmpegSharp.CommandLine\FFmpegSharp.CommandLine.csproj", "{B2646225-4A12-4DBF-A922-B3C56BBFB11C}"
EndProject
Project("{9A19103F-16F7-4668-BE54-9A1E7A4F7556}") = "FFmpegSharp.Wpf", "src\FFmpegSharp.Wpf\FFmpegSharp.Wpf.csproj", "{2563C7ED-ED2E-441E-9DE7-0CCBB7E973B5}"
EndProject
Global
	GlobalSection(SolutionConfigurationPlatforms) = preSolution
		Debug|Any CPU = Debug|Any CPU
		Release|Any CPU = Release|Any CPU
	EndGlobalSection
	GlobalSection(ProjectConfigurationPlatforms) = postSolution
		{B2646225-4A12-4DBF-A922-B3C56BBFB11C}.Debug|Any CPU.ActiveCfg = Debug|Any CPU
		{B2646225-4A12-4DBF-A922-B3C56BBFB11C}.Debug|Any CPU.Build.0 = Debug|Any CPU
		{B2646225-4A12-4DBF-A922-B3C56BBFB11C}.Release|Any CPU.ActiveCfg = Release|Any CPU
		{B2646225-4A12-4DBF-A922-B3C56BBFB11C}.Release|Any CPU.Build.0 = Release|Any CPU
		{2563C7ED-ED2E-441E-9DE7-0CCBB7E973B5}.Debug|Any CPU.ActiveCfg = Debug|Any CPU
		{2563C7ED-ED2E-441E-9DE7-0CCBB7E973B5}.Debug|Any CPU.Build.0 = Debug|Any CPU
		{2563C7ED-ED2E-441E-9DE7-0CCBB7E973B5}.Release|Any CPU.ActiveCfg = Release|Any CPU
		{2563C7ED-ED2E-441E-9DE7-0CCBB7E973B5}.Release|Any CPU.Build.0 = Release|Any CPU
	EndGlobalSection
	GlobalSection(SolutionProperties) = preSolution
		HideSolutionNode = FALSE
	EndGlobalSection
	GlobalSection(NestedProjects) = preSolution
		{B2646225-4A12-4DBF-A922-B3C56BBFB11C} = {A4D10BAE-A4D8-4605-9A7A-2BF01172B01F}
		{2563C7ED-ED2E-441E-9DE7-0CCBB7E973B5} = {A4D10BAE-A4D8-4605-9A7A-2BF01172B01F}
	EndGlobalSection
	GlobalSection(ExtensibilityGlobals) = postSolution
		SolutionGuid = {D1A3E44D-75D0-4532-AF7C-6FF181783E2D}
	EndGlobalSection
EndGlobal
